// !$*UTF8*$!
{
	archiveVersion = 1;
	classes = {
	};
	objectVersion = 56;
	objects = {

/* Begin PBXBuildFile section */
		D93FDA632A1C6C5C007963E0 /* ToDoListApp.swift in Sources */ = {isa = PBXBuildFile; fileRef = D93FDA622A1C6C5C007963E0 /* ToDoListApp.swift */; };
		D93FDA652A1C6C5C007963E0 /* MainView.swift in Sources */ = {isa = PBXBuildFile; fileRef = D93FDA642A1C6C5C007963E0 /* MainView.swift */; };
		D93FDA672A1C6C5D007963E0 /* Assets.xcassets in Resources */ = {isa = PBXBuildFile; fileRef = D93FDA662A1C6C5D007963E0 /* Assets.xcassets */; };
		D93FDA6A2A1C6C5D007963E0 /* Preview Assets.xcassets in Resources */ = {isa = PBXBuildFile; fileRef = D93FDA692A1C6C5D007963E0 /* Preview Assets.xcassets */; };
		D93FDA722A1C717D007963E0 /* FirebaseAuth in Frameworks */ = {isa = PBXBuildFile; productRef = D93FDA712A1C717D007963E0 /* FirebaseAuth */; };
		D93FDA742A1C717D007963E0 /* FirebaseFirestore in Frameworks */ = {isa = PBXBuildFile; productRef = D93FDA732A1C717D007963E0 /* FirebaseFirestore */; };
		D93FDA762A1C717D007963E0 /* FirebaseFirestoreSwift in Frameworks */ = {isa = PBXBuildFile; productRef = D93FDA752A1C717D007963E0 /* FirebaseFirestoreSwift */; };
		D93FDA7A2A1C7A32007963E0 /* GoogleService-Info.plist in Resources */ = {isa = PBXBuildFile; fileRef = D93FDA792A1C7A32007963E0 /* GoogleService-Info.plist */; };
		D93FDA802A1CC677007963E0 /* TodoListView.swift in Sources */ = {isa = PBXBuildFile; fileRef = D93FDA7F2A1CC677007963E0 /* TodoListView.swift */; };
		D93FDA822A1CC699007963E0 /* NewItemView.swift in Sources */ = {isa = PBXBuildFile; fileRef = D93FDA812A1CC699007963E0 /* NewItemView.swift */; };
		D93FDA842A1CC6B0007963E0 /* LogInView.swift in Sources */ = {isa = PBXBuildFile; fileRef = D93FDA832A1CC6B0007963E0 /* LogInView.swift */; };
		D93FDA862A1CC6D0007963E0 /* RegisterView.swift in Sources */ = {isa = PBXBuildFile; fileRef = D93FDA852A1CC6D0007963E0 /* RegisterView.swift */; };
		D93FDA882A1CC723007963E0 /* ToDoListItemView.swift in Sources */ = {isa = PBXBuildFile; fileRef = D93FDA872A1CC723007963E0 /* ToDoListItemView.swift */; };
		D93FDA8A2A1CC798007963E0 /* ToDoListItem.swift in Sources */ = {isa = PBXBuildFile; fileRef = D93FDA892A1CC798007963E0 /* ToDoListItem.swift */; };
		D93FDA8C2A1CC7A3007963E0 /* User.swift in Sources */ = {isa = PBXBuildFile; fileRef = D93FDA8B2A1CC7A3007963E0 /* User.swift */; };
		D93FDA8E2A1CC824007963E0 /* MainViewViewModel.swift in Sources */ = {isa = PBXBuildFile; fileRef = D93FDA8D2A1CC824007963E0 /* MainViewViewModel.swift */; };
		D93FDA902A1CCAAE007963E0 /* ToDoListViewViewModel.swift in Sources */ = {isa = PBXBuildFile; fileRef = D93FDA8F2A1CCAAE007963E0 /* ToDoListViewViewModel.swift */; };
		D93FDA922A1CCAD9007963E0 /* NewItemViewViewModel.swift in Sources */ = {isa = PBXBuildFile; fileRef = D93FDA912A1CCAD9007963E0 /* NewItemViewViewModel.swift */; };
		D93FDA942A1CCAF3007963E0 /* LoginViewViewModel.swift in Sources */ = {isa = PBXBuildFile; fileRef = D93FDA932A1CCAF3007963E0 /* LoginViewViewModel.swift */; };
		D93FDA962A1CCB0C007963E0 /* RegisterViewViewModel.swift in Sources */ = {isa = PBXBuildFile; fileRef = D93FDA952A1CCB0C007963E0 /* RegisterViewViewModel.swift */; };
		D93FDA982A1CCB3D007963E0 /* ToDoListItemViewViewModel.swift in Sources */ = {isa = PBXBuildFile; fileRef = D93FDA972A1CCB3D007963E0 /* ToDoListItemViewViewModel.swift */; };
/* End PBXBuildFile section */

/* Begin PBXFileReference section */
		D93FDA5F2A1C6C5C007963E0 /* ToDoList.app */ = {isa = PBXFileReference; explicitFileType = wrapper.application; includeInIndex = 0; path = ToDoList.app; sourceTree = BUILT_PRODUCTS_DIR; };
		D93FDA622A1C6C5C007963E0 /* ToDoListApp.swift */ = {isa = PBXFileReference; lastKnownFileType = sourcecode.swift; path = ToDoListApp.swift; sourceTree = "<group>"; };
		D93FDA642A1C6C5C007963E0 /* MainView.swift */ = {isa = PBXFileReference; lastKnownFileType = sourcecode.swift; path = MainView.swift; sourceTree = "<group>"; };
		D93FDA662A1C6C5D007963E0 /* Assets.xcassets */ = {isa = PBXFileReference; lastKnownFileType = folder.assetcatalog; path = Assets.xcassets; sourceTree = "<group>"; };
		D93FDA692A1C6C5D007963E0 /* Preview Assets.xcassets */ = {isa = PBXFileReference; lastKnownFileType = folder.assetcatalog; path = "Preview Assets.xcassets"; sourceTree = "<group>"; };
		D93FDA772A1C72DE007963E0 /* fb.swift */ = {isa = PBXFileReference; lastKnownFileType = sourcecode.swift; path = fb.swift; sourceTree = "<group>"; };
		D93FDA792A1C7A32007963E0 /* GoogleService-Info.plist */ = {isa = PBXFileReference; fileEncoding = 4; lastKnownFileType = text.plist.xml; path = "GoogleService-Info.plist"; sourceTree = "<group>"; };
		D93FDA7F2A1CC677007963E0 /* TodoListView.swift */ = {isa = PBXFileReference; lastKnownFileType = sourcecode.swift; path = TodoListView.swift; sourceTree = "<group>"; };
		D93FDA812A1CC699007963E0 /* NewItemView.swift */ = {isa = PBXFileReference; lastKnownFileType = sourcecode.swift; path = NewItemView.swift; sourceTree = "<group>"; };
		D93FDA832A1CC6B0007963E0 /* LogInView.swift */ = {isa = PBXFileReference; lastKnownFileType = sourcecode.swift; path = LogInView.swift; sourceTree = "<group>"; };
		D93FDA852A1CC6D0007963E0 /* RegisterView.swift */ = {isa = PBXFileReference; lastKnownFileType = sourcecode.swift; path = RegisterView.swift; sourceTree = "<group>"; };
		D93FDA872A1CC723007963E0 /* ToDoListItemView.swift */ = {isa = PBXFileReference; lastKnownFileType = sourcecode.swift; path = ToDoListItemView.swift; sourceTree = "<group>"; };
		D93FDA892A1CC798007963E0 /* ToDoListItem.swift */ = {isa = PBXFileReference; lastKnownFileType = sourcecode.swift; path = ToDoListItem.swift; sourceTree = "<group>"; };
		D93FDA8B2A1CC7A3007963E0 /* User.swift */ = {isa = PBXFileReference; lastKnownFileType = sourcecode.swift; path = User.swift; sourceTree = "<group>"; };
		D93FDA8D2A1CC824007963E0 /* MainViewViewModel.swift */ = {isa = PBXFileReference; lastKnownFileType = sourcecode.swift; path = MainViewViewModel.swift; sourceTree = "<group>"; };
		D93FDA8F2A1CCAAE007963E0 /* ToDoListViewViewModel.swift */ = {isa = PBXFileReference; lastKnownFileType = sourcecode.swift; path = ToDoListViewViewModel.swift; sourceTree = "<group>"; };
		D93FDA912A1CCAD9007963E0 /* NewItemViewViewModel.swift */ = {isa = PBXFileReference; lastKnownFileType = sourcecode.swift; path = NewItemViewViewModel.swift; sourceTree = "<group>"; };
		D93FDA932A1CCAF3007963E0 /* LoginViewViewModel.swift */ = {isa = PBXFileReference; lastKnownFileType = sourcecode.swift; path = LoginViewViewModel.swift; sourceTree = "<group>"; };
		D93FDA952A1CCB0C007963E0 /* RegisterViewViewModel.swift */ = {isa = PBXFileReference; lastKnownFileType = sourcecode.swift; path = RegisterViewViewModel.swift; sourceTree = "<group>"; };
		D93FDA972A1CCB3D007963E0 /* ToDoListItemViewViewModel.swift */ = {isa = PBXFileReference; lastKnownFileType = sourcecode.swift; path = ToDoListItemViewViewModel.swift; sourceTree = "<group>"; };
/* End PBXFileReference section */

/* Begin PBXFrameworksBuildPhase section */
		D93FDA5C2A1C6C5C007963E0 /* Frameworks */ = {
			isa = PBXFrameworksBuildPhase;
			buildActionMask = 2147483647;
			files = (
				D93FDA722A1C717D007963E0 /* FirebaseAuth in Frameworks */,
				D93FDA742A1C717D007963E0 /* FirebaseFirestore in Frameworks */,
				D93FDA762A1C717D007963E0 /* FirebaseFirestoreSwift in Frameworks */,
			);
			runOnlyForDeploymentPostprocessing = 0;
		};
/* End PBXFrameworksBuildPhase section */

/* Begin PBXGroup section */
		D93FDA562A1C6C5C007963E0 = {
			isa = PBXGroup;
			children = (
				D93FDA612A1C6C5C007963E0 /* ToDoList */,
				D93FDA602A1C6C5C007963E0 /* Products */,
			);
			sourceTree = "<group>";
		};
		D93FDA602A1C6C5C007963E0 /* Products */ = {
			isa = PBXGroup;
			children = (
				D93FDA5F2A1C6C5C007963E0 /* ToDoList.app */,
			);
			name = Products;
			sourceTree = "<group>";
		};
		D93FDA612A1C6C5C007963E0 /* ToDoList */ = {
			isa = PBXGroup;
			children = (
				D93FDA622A1C6C5C007963E0 /* ToDoListApp.swift */,
				D93FDA792A1C7A32007963E0 /* GoogleService-Info.plist */,
				D93FDA7B2A1CC57B007963E0 /* Model */,
				D93FDA7E2A1CC59A007963E0 /* other */,
				D93FDA7D2A1CC587007963E0 /* View */,
				D93FDA7C2A1CC57F007963E0 /* ViewModel */,
				D93FDA682A1C6C5D007963E0 /* Preview Content */,
			);
			path = ToDoList;
			sourceTree = "<group>";
		};
		D93FDA682A1C6C5D007963E0 /* Preview Content */ = {
			isa = PBXGroup;
			children = (
				D93FDA692A1C6C5D007963E0 /* Preview Assets.xcassets */,
			);
			path = "Preview Content";
			sourceTree = "<group>";
		};
		D93FDA7B2A1CC57B007963E0 /* Model */ = {
			isa = PBXGroup;
			children = (
				D93FDA892A1CC798007963E0 /* ToDoListItem.swift */,
				D93FDA8B2A1CC7A3007963E0 /* User.swift */,
			);
			path = Model;
			sourceTree = "<group>";
		};
		D93FDA7C2A1CC57F007963E0 /* ViewModel */ = {
			isa = PBXGroup;
			children = (
				D93FDA8D2A1CC824007963E0 /* MainViewViewModel.swift */,
				D93FDA8F2A1CCAAE007963E0 /* ToDoListViewViewModel.swift */,
				D93FDA912A1CCAD9007963E0 /* NewItemViewViewModel.swift */,
				D93FDA932A1CCAF3007963E0 /* LoginViewViewModel.swift */,
				D93FDA952A1CCB0C007963E0 /* RegisterViewViewModel.swift */,
				D93FDA972A1CCB3D007963E0 /* ToDoListItemViewViewModel.swift */,
			);
			path = ViewModel;
			sourceTree = "<group>";
		};
		D93FDA7D2A1CC587007963E0 /* View */ = {
			isa = PBXGroup;
			children = (
				D93FDA642A1C6C5C007963E0 /* MainView.swift */,
				D93FDA7F2A1CC677007963E0 /* TodoListView.swift */,
				D93FDA812A1CC699007963E0 /* NewItemView.swift */,
				D93FDA832A1CC6B0007963E0 /* LogInView.swift */,
				D93FDA852A1CC6D0007963E0 /* RegisterView.swift */,
				D93FDA872A1CC723007963E0 /* ToDoListItemView.swift */,
			);
			path = View;
			sourceTree = "<group>";
		};
		D93FDA7E2A1CC59A007963E0 /* other */ = {
			isa = PBXGroup;
			children = (
				D93FDA662A1C6C5D007963E0 /* Assets.xcassets */,
				D93FDA772A1C72DE007963E0 /* fb.swift */,
			);
			path = other;
			sourceTree = "<group>";
		};
/* End PBXGroup section */

/* Begin PBXNativeTarget section */
		D93FDA5E2A1C6C5C007963E0 /* ToDoList */ = {
			isa = PBXNativeTarget;
			buildConfigurationList = D93FDA6D2A1C6C5D007963E0 /* Build configuration list for PBXNativeTarget "ToDoList" */;
			buildPhases = (
				D93FDA5B2A1C6C5C007963E0 /* Sources */,
				D93FDA5C2A1C6C5C007963E0 /* Frameworks */,
				D93FDA5D2A1C6C5C007963E0 /* Resources */,
			);
			buildRules = (
			);
			dependencies = (
			);
			name = ToDoList;
			packageProductDependencies = (
				D93FDA712A1C717D007963E0 /* FirebaseAuth */,
				D93FDA732A1C717D007963E0 /* FirebaseFirestore */,
				D93FDA752A1C717D007963E0 /* FirebaseFirestoreSwift */,
			);
			productName = ToDoList;
			productReference = D93FDA5F2A1C6C5C007963E0 /* ToDoList.app */;
			productType = "com.apple.product-type.application";
		};
/* End PBXNativeTarget section */

/* Begin PBXProject section */
		D93FDA572A1C6C5C007963E0 /* Project object */ = {
			isa = PBXProject;
			attributes = {
				BuildIndependentTargetsInParallel = 1;
				LastSwiftUpdateCheck = 1430;
				LastUpgradeCheck = 1430;
				TargetAttributes = {
					D93FDA5E2A1C6C5C007963E0 = {
						CreatedOnToolsVersion = 14.3;
					};
				};
			};
			buildConfigurationList = D93FDA5A2A1C6C5C007963E0 /* Build configuration list for PBXProject "ToDoList" */;
			compatibilityVersion = "Xcode 14.0";
			developmentRegion = en;
			hasScannedForEncodings = 0;
			knownRegions = (
				en,
				Base,
			);
			mainGroup = D93FDA562A1C6C5C007963E0;
			packageReferences = (
				D93FDA702A1C717D007963E0 /* XCRemoteSwiftPackageReference "firebase-ios-sdk" */,
			);
			productRefGroup = D93FDA602A1C6C5C007963E0 /* Products */;
			projectDirPath = "";
			projectRoot = "";
			targets = (
				D93FDA5E2A1C6C5C007963E0 /* ToDoList */,
			);
		};
/* End PBXProject section */

/* Begin PBXResourcesBuildPhase section */
		D93FDA5D2A1C6C5C007963E0 /* Resources */ = {
			isa = PBXResourcesBuildPhase;
			buildActionMask = 2147483647;
			files = (
				D93FDA6A2A1C6C5D007963E0 /* Preview Assets.xcassets in Resources */,
				D93FDA672A1C6C5D007963E0 /* Assets.xcassets in Resources */,
				D93FDA7A2A1C7A32007963E0 /* GoogleService-Info.plist in Resources */,
			);
			runOnlyForDeploymentPostprocessing = 0;
		};
/* End PBXResourcesBuildPhase section */

/* Begin PBXSourcesBuildPhase section */
		D93FDA5B2A1C6C5C007963E0 /* Sources */ = {
			isa = PBXSourcesBuildPhase;
			buildActionMask = 2147483647;
			files = (
				D93FDA842A1CC6B0007963E0 /* LogInView.swift in Sources */,
				D93FDA882A1CC723007963E0 /* ToDoListItemView.swift in Sources */,
				D93FDA822A1CC699007963E0 /* NewItemView.swift in Sources */,
				D93FDA652A1C6C5C007963E0 /* MainView.swift in Sources */,
				D93FDA862A1CC6D0007963E0 /* RegisterView.swift in Sources */,
				D93FDA8C2A1CC7A3007963E0 /* User.swift in Sources */,
				D93FDA962A1CCB0C007963E0 /* RegisterViewViewModel.swift in Sources */,
				D93FDA982A1CCB3D007963E0 /* ToDoListItemViewViewModel.swift in Sources */,
				D93FDA942A1CCAF3007963E0 /* LoginViewViewModel.swift in Sources */,
				D93FDA802A1CC677007963E0 /* TodoListView.swift in Sources */,
				D93FDA8A2A1CC798007963E0 /* ToDoListItem.swift in Sources */,
				D93FDA8E2A1CC824007963E0 /* MainViewViewModel.swift in Sources */,
				D93FDA922A1CCAD9007963E0 /* NewItemViewViewModel.swift in Sources */,
				D93FDA902A1CCAAE007963E0 /* ToDoListViewViewModel.swift in Sources */,
				D93FDA632A1C6C5C007963E0 /* ToDoListApp.swift in Sources */,
			);
			runOnlyForDeploymentPostprocessing = 0;
		};
/* End PBXSourcesBuildPhase section */

/* Begin XCBuildConfiguration section */
		D93FDA6B2A1C6C5D007963E0 /* Debug */ = {
			isa = XCBuildConfiguration;
			buildSettings = {
				ALWAYS_SEARCH_USER_PATHS = NO;
				CLANG_ANALYZER_NONNULL = YES;
				CLANG_ANALYZER_NUMBER_OBJECT_CONVERSION = YES_AGGRESSIVE;
				CLANG_CXX_LANGUAGE_STANDARD = "gnu++20";
				CLANG_ENABLE_MODULES = YES;
				CLANG_ENABLE_OBJC_ARC = YES;
				CLANG_ENABLE_OBJC_WEAK = YES;
				CLANG_WARN_BLOCK_CAPTURE_AUTORELEASING = YES;
				CLANG_WARN_BOOL_CONVERSION = YES;
				CLANG_WARN_COMMA = YES;
				CLANG_WARN_CONSTANT_CONVERSION = YES;
				CLANG_WARN_DEPRECATED_OBJC_IMPLEMENTATIONS = YES;
				CLANG_WARN_DIRECT_OBJC_ISA_USAGE = YES_ERROR;
				CLANG_WARN_DOCUMENTATION_COMMENTS = YES;
				CLANG_WARN_EMPTY_BODY = YES;
				CLANG_WARN_ENUM_CONVERSION = YES;
				CLANG_WARN_INFINITE_RECURSION = YES;
				CLANG_WARN_INT_CONVERSION = YES;
				CLANG_WARN_NON_LITERAL_NULL_CONVERSION = YES;
				CLANG_WARN_OBJC_IMPLICIT_RETAIN_SELF = YES;
				CLANG_WARN_OBJC_LITERAL_CONVERSION = YES;
				CLANG_WARN_OBJC_ROOT_CLASS = YES_ERROR;
				CLANG_WARN_QUOTED_INCLUDE_IN_FRAMEWORK_HEADER = YES;
				CLANG_WARN_RANGE_LOOP_ANALYSIS = YES;
				CLANG_WARN_STRICT_PROTOTYPES = YES;
				CLANG_WARN_SUSPICIOUS_MOVE = YES;
				CLANG_WARN_UNGUARDED_AVAILABILITY = YES_AGGRESSIVE;
				CLANG_WARN_UNREACHABLE_CODE = YES;
				CLANG_WARN__DUPLICATE_METHOD_MATCH = YES;
				COPY_PHASE_STRIP = NO;
				DEBUG_INFORMATION_FORMAT = dwarf;
				ENABLE_STRICT_OBJC_MSGSEND = YES;
				ENABLE_TESTABILITY = YES;
				GCC_C_LANGUAGE_STANDARD = gnu11;
				GCC_DYNAMIC_NO_PIC = NO;
				GCC_NO_COMMON_BLOCKS = YES;
				GCC_OPTIMIZATION_LEVEL = 0;
				GCC_PREPROCESSOR_DEFINITIONS = (
					"DEBUG=1",
					"$(inherited)",
				);
				GCC_WARN_64_TO_32_BIT_CONVERSION = YES;
				GCC_WARN_ABOUT_RETURN_TYPE = YES_ERROR;
				GCC_WARN_UNDECLARED_SELECTOR = YES;
				GCC_WARN_UNINITIALIZED_AUTOS = YES_AGGRESSIVE;
				GCC_WARN_UNUSED_FUNCTION = YES;
				GCC_WARN_UNUSED_VARIABLE = YES;
				IPHONEOS_DEPLOYMENT_TARGET = 16.4;
				MTL_ENABLE_DEBUG_INFO = INCLUDE_SOURCE;
				MTL_FAST_MATH = YES;
				ONLY_ACTIVE_ARCH = YES;
				SDKROOT = iphoneos;
				SWIFT_ACTIVE_COMPILATION_CONDITIONS = DEBUG;
				SWIFT_OPTIMIZATION_LEVEL = "-Onone";
			};
			name = Debug;
		};
		D93FDA6C2A1C6C5D007963E0 /* Release */ = {
			isa = XCBuildConfiguration;
			buildSettings = {
				ALWAYS_SEARCH_USER_PATHS = NO;
				CLANG_ANALYZER_NONNULL = YES;
				CLANG_ANALYZER_NUMBER_OBJECT_CONVERSION = YES_AGGRESSIVE;
				CLANG_CXX_LANGUAGE_STANDARD = "gnu++20";
				CLANG_ENABLE_MODULES = YES;
				CLANG_ENABLE_OBJC_ARC = YES;
				CLANG_ENABLE_OBJC_WEAK = YES;
				CLANG_WARN_BLOCK_CAPTURE_AUTORELEASING = YES;
				CLANG_WARN_BOOL_CONVERSION = YES;
				CLANG_WARN_COMMA = YES;
				CLANG_WARN_CONSTANT_CONVERSION = YES;
				CLANG_WARN_DEPRECATED_OBJC_IMPLEMENTATIONS = YES;
				CLANG_WARN_DIRECT_OBJC_ISA_USAGE = YES_ERROR;
				CLANG_WARN_DOCUMENTATION_COMMENTS = YES;
				CLANG_WARN_EMPTY_BODY = YES;
				CLANG_WARN_ENUM_CONVERSION = YES;
				CLANG_WARN_INFINITE_RECURSION = YES;
				CLANG_WARN_INT_CONVERSION = YES;
				CLANG_WARN_NON_LITERAL_NULL_CONVERSION = YES;
				CLANG_WARN_OBJC_IMPLICIT_RETAIN_SELF = YES;
				CLANG_WARN_OBJC_LITERAL_CONVERSION = YES;
				CLANG_WARN_OBJC_ROOT_CLASS = YES_ERROR;
				CLANG_WARN_QUOTED_INCLUDE_IN_FRAMEWORK_HEADER = YES;
				CLANG_WARN_RANGE_LOOP_ANALYSIS = YES;
				CLANG_WARN_STRICT_PROTOTYPES = YES;
				CLANG_WARN_SUSPICIOUS_MOVE = YES;
				CLANG_WARN_UNGUARDED_AVAILABILITY = YES_AGGRESSIVE;
				CLANG_WARN_UNREACHABLE_CODE = YES;
				CLANG_WARN__DUPLICATE_METHOD_MATCH = YES;
				COPY_PHASE_STRIP = NO;
				DEBUG_INFORMATION_FORMAT = "dwarf-with-dsym";
				ENABLE_NS_ASSERTIONS = NO;
				ENABLE_STRICT_OBJC_MSGSEND = YES;
				GCC_C_LANGUAGE_STANDARD = gnu11;
				GCC_NO_COMMON_BLOCKS = YES;
				GCC_WARN_64_TO_32_BIT_CONVERSION = YES;
				GCC_WARN_ABOUT_RETURN_TYPE = YES_ERROR;
				GCC_WARN_UNDECLARED_SELECTOR = YES;
				GCC_WARN_UNINITIALIZED_AUTOS = YES_AGGRESSIVE;
				GCC_WARN_UNUSED_FUNCTION = YES;
				GCC_WARN_UNUSED_VARIABLE = YES;
				IPHONEOS_DEPLOYMENT_TARGET = 16.4;
				MTL_ENABLE_DEBUG_INFO = NO;
				MTL_FAST_MATH = YES;
				SDKROOT = iphoneos;
				SWIFT_COMPILATION_MODE = wholemodule;
				SWIFT_OPTIMIZATION_LEVEL = "-O";
				VALIDATE_PRODUCT = YES;
			};
			name = Release;
		};
		D93FDA6E2A1C6C5D007963E0 /* Debug */ = {
			isa = XCBuildConfiguration;
			buildSettings = {
				ASSETCATALOG_COMPILER_APPICON_NAME = AppIcon;
				ASSETCATALOG_COMPILER_GLOBAL_ACCENT_COLOR_NAME = AccentColor;
				CODE_SIGN_STYLE = Automatic;
				CURRENT_PROJECT_VERSION = 1;
				DEVELOPMENT_ASSET_PATHS = "\"ToDoList/Preview Content\"";
				DEVELOPMENT_TEAM = 29DZD3P8V5;
				ENABLE_PREVIEWS = YES;
				GENERATE_INFOPLIST_FILE = YES;
				INFOPLIST_KEY_CFBundleDisplayName = "To do list";
				INFOPLIST_KEY_UIApplicationSceneManifest_Generation = YES;
				INFOPLIST_KEY_UIApplicationSupportsIndirectInputEvents = YES;
				INFOPLIST_KEY_UILaunchScreen_Generation = YES;
				INFOPLIST_KEY_UISupportedInterfaceOrientations = UIInterfaceOrientationPortrait;
				LD_RUNPATH_SEARCH_PATHS = (
					"$(inherited)",
					"@executable_path/Frameworks",
				);
				MARKETING_VERSION = 1.0;
				PRODUCT_BUNDLE_IDENTIFIER = com.ToDoList;
				PRODUCT_NAME = "$(TARGET_NAME)";
				SWIFT_EMIT_LOC_STRINGS = YES;
				SWIFT_VERSION = 5.0;
				TARGETED_DEVICE_FAMILY = "1,2";
			};
			name = Debug;
		};
		D93FDA6F2A1C6C5D007963E0 /* Release */ = {
			isa = XCBuildConfiguration;
			buildSettings = {
				ASSETCATALOG_COMPILER_APPICON_NAME = AppIcon;
				ASSETCATALOG_COMPILER_GLOBAL_ACCENT_COLOR_NAME = AccentColor;
				CODE_SIGN_STYLE = Automatic;
				CURRENT_PROJECT_VERSION = 1;
				DEVELOPMENT_ASSET_PATHS = "\"ToDoList/Preview Content\"";
				DEVELOPMENT_TEAM = 29DZD3P8V5;
				ENABLE_PREVIEWS = YES;
				GENERATE_INFOPLIST_FILE = YES;
				INFOPLIST_KEY_CFBundleDisplayName = "To do list";
				INFOPLIST_KEY_UIApplicationSceneManifest_Generation = YES;
				INFOPLIST_KEY_UIApplicationSupportsIndirectInputEvents = YES;
				INFOPLIST_KEY_UILaunchScreen_Generation = YES;
				INFOPLIST_KEY_UISupportedInterfaceOrientations = UIInterfaceOrientationPortrait;
				LD_RUNPATH_SEARCH_PATHS = (
					"$(inherited)",
					"@executable_path/Frameworks",
				);
				MARKETING_VERSION = 1.0;
				PRODUCT_BUNDLE_IDENTIFIER = com.ToDoList;
				PRODUCT_NAME = "$(TARGET_NAME)";
				SWIFT_EMIT_LOC_STRINGS = YES;
				SWIFT_VERSION = 5.0;
				TARGETED_DEVICE_FAMILY = "1,2";
			};
			name = Release;
		};
/* End XCBuildConfiguration section */

/* Begin XCConfigurationList section */
		D93FDA5A2A1C6C5C007963E0 /* Build configuration list for PBXProject "ToDoList" */ = {
			isa = XCConfigurationList;
			buildConfigurations = (
				D93FDA6B2A1C6C5D007963E0 /* Debug */,
				D93FDA6C2A1C6C5D007963E0 /* Release */,
			);
			defaultConfigurationIsVisible = 0;
			defaultConfigurationName = Release;
		};
		D93FDA6D2A1C6C5D007963E0 /* Build configuration list for PBXNativeTarget "ToDoList" */ = {
			isa = XCConfigurationList;
			buildConfigurations = (
				D93FDA6E2A1C6C5D007963E0 /* Debug */,
				D93FDA6F2A1C6C5D007963E0 /* Release */,
			);
			defaultConfigurationIsVisible = 0;
			defaultConfigurationName = Release;
		};
/* End XCConfigurationList section */

/* Begin XCRemoteSwiftPackageReference section */
		D93FDA702A1C717D007963E0 /* XCRemoteSwiftPackageReference "firebase-ios-sdk" */ = {
			isa = XCRemoteSwiftPackageReference;
			repositoryURL = "https://github.com/firebase/firebase-ios-sdk";
			requirement = {
				kind = upToNextMajorVersion;
				minimumVersion = 10.0.0;
			};
		};
/* End XCRemoteSwiftPackageReference section */

/* Begin XCSwiftPackageProductDependency section */
		D93FDA712A1C717D007963E0 /* FirebaseAuth */ = {
			isa = XCSwiftPackageProductDependency;
			package = D93FDA702A1C717D007963E0 /* XCRemoteSwiftPackageReference "firebase-ios-sdk" */;
			productName = FirebaseAuth;
		};
		D93FDA732A1C717D007963E0 /* FirebaseFirestore */ = {
			isa = XCSwiftPackageProductDependency;
			package = D93FDA702A1C717D007963E0 /* XCRemoteSwiftPackageReference "firebase-ios-sdk" */;
			productName = FirebaseFirestore;
		};
		D93FDA752A1C717D007963E0 /* FirebaseFirestoreSwift */ = {
			isa = XCSwiftPackageProductDependency;
			package = D93FDA702A1C717D007963E0 /* XCRemoteSwiftPackageReference "firebase-ios-sdk" */;
			productName = FirebaseFirestoreSwift;
		};
/* End XCSwiftPackageProductDependency section */
	};
	rootObject = D93FDA572A1C6C5C007963E0 /* Project object */;
}
